
Microsoft Visual Studio Solution File, Format Version 12.00
# Visual Studio Version 16
VisualStudioVersion = 16.0.29509.3
MinimumVisualStudioVersion = 10.0.40219.1
Project("{FAE04EC0-301F-11D3-BF4B-00C04F79EFBC}") = "BattleShip", "BattleShip.csproj", "{C154E561-6BD8-4D99-BDB1-F487118DAB94}"
EndProject
Global
	GlobalSection(SolutionConfigurationPlatforms) = preSolution
		Debug|Any CPU = Debug|Any CPU
		Release|Any CPU = Release|Any CPU
	EndGlobalSection
	GlobalSection(ProjectConfigurationPlatforms) = postSolution
		{C154E561-6BD8-4D99-BDB1-F487118DAB94}.Debug|Any CPU.ActiveCfg = Debug|Any CPU
		{C154E561-6BD8-4D99-BDB1-F487118DAB94}.Debug|Any CPU.Build.0 = Debug|Any CPU
		{C154E561-6BD8-4D99-BDB1-F487118DAB94}.Release|Any CPU.ActiveCfg = Release|Any CPU
		{C154E561-6BD8-4D99-BDB1-F487118DAB94}.Release|Any CPU.Build.0 = Release|Any CPU
	EndGlobalSection
	GlobalSection(SolutionProperties) = preSolution
		HideSolutionNode = FALSE
	EndGlobalSection
	GlobalSection(ExtensibilityGlobals) = postSolution
		SolutionGuid = {0043E575-E060-4B66-9FE7-8EB751E3CE01}
	EndGlobalSection
EndGlobal
